
Microsoft Visual Studio Solution File, Format Version 12.00
# Visual Studio Version 16
VisualStudioVersion = 16.0.31515.178
MinimumVisualStudioVersion = 10.0.40219.1
Project("{FAE04EC0-301F-11D3-BF4B-00C04F79EFBC}") = "NBS Duplicate Items", "NBS Duplicate Items\NBS Duplicate Items.csproj", "{88746B20-0B78-4E5C-9218-EDC61C0BD4E5}"
EndProject
Global
	GlobalSection(SolutionConfigurationPlatforms) = preSolution
		Debug|Any CPU = Debug|Any CPU
		Release|Any CPU = Release|Any CPU
	EndGlobalSection
	GlobalSection(ProjectConfigurationPlatforms) = postSolution
		{88746B20-0B78-4E5C-9218-EDC61C0BD4E5}.Debug|Any CPU.ActiveCfg = Debug|Any CPU
		{88746B20-0B78-4E5C-9218-EDC61C0BD4E5}.Debug|Any CPU.Build.0 = Debug|Any CPU
		{88746B20-0B78-4E5C-9218-EDC61C0BD4E5}.Release|Any CPU.ActiveCfg = Release|Any CPU
		{88746B20-0B78-4E5C-9218-EDC61C0BD4E5}.Release|Any CPU.Build.0 = Release|Any CPU
	EndGlobalSection
	GlobalSection(SolutionProperties) = preSolution
		HideSolutionNode = FALSE
	EndGlobalSection
	GlobalSection(ExtensibilityGlobals) = postSolution
		SolutionGuid = {EA58E564-53E4-4158-B935-28B93992D66A}
	EndGlobalSection
EndGlobal
